
Microsoft Visual Studio Solution File, Format Version 12.00
# Visual Studio Version 17
VisualStudioVersion = 17.2.32519.379
MinimumVisualStudioVersion = 10.0.40219.1
Project("{FAE04EC0-301F-11D3-BF4B-00C04F79EFBC}") = "TestRegionWithHamburgerMenu", "TestRegionWithHamburgerMenu\TestRegionWithHamburgerMenu.csproj", "{581BDE25-651F-47BB-A723-1D28A2408A20}"
EndProject
Global
	GlobalSection(SolutionConfigurationPlatforms) = preSolution
		Debug|Any CPU = Debug|Any CPU
		Release|Any CPU = Release|Any CPU
	EndGlobalSection
	GlobalSection(ProjectConfigurationPlatforms) = postSolution
		{581BDE25-651F-47BB-A723-1D28A2408A20}.Debug|Any CPU.ActiveCfg = Debug|Any CPU
		{581BDE25-651F-47BB-A723-1D28A2408A20}.Debug|Any CPU.Build.0 = Debug|Any CPU
		{581BDE25-651F-47BB-A723-1D28A2408A20}.Release|Any CPU.ActiveCfg = Release|Any CPU
		{581BDE25-651F-47BB-A723-1D28A2408A20}.Release|Any CPU.Build.0 = Release|Any CPU
	EndGlobalSection
	GlobalSection(SolutionProperties) = preSolution
		HideSolutionNode = FALSE
	EndGlobalSection
	GlobalSection(ExtensibilityGlobals) = postSolution
		SolutionGuid = {94049E76-61CC-4273-A92B-4C1AD3C86130}
	EndGlobalSection
EndGlobal
